
Microsoft Visual Studio Solution File, Format Version 12.00
# Visual Studio Version 17
VisualStudioVersion = 17.0.32014.148
MinimumVisualStudioVersion = 10.0.40219.1
Project("{9A19103F-16F7-4668-BE54-9A1E7A4F7556}") = "OganiMaster", "OganiMaster\OganiMaster.csproj", "{3AD5E633-C1E6-42F0-BCE7-893F0261D73F}"
EndProject
Project("{FAE04EC0-301F-11D3-BF4B-00C04F79EFBC}") = "OganiMaster.api", "OganiMaster.api\OganiMaster.api.csproj", "{5B500971-D3B0-4038-91EB-AC75AB51BE27}"
EndProject
Global
	GlobalSection(SolutionConfigurationPlatforms) = preSolution
		Debug|Any CPU = Debug|Any CPU
		Release|Any CPU = Release|Any CPU
	EndGlobalSection
	GlobalSection(ProjectConfigurationPlatforms) = postSolution
		{3AD5E633-C1E6-42F0-BCE7-893F0261D73F}.Debug|Any CPU.ActiveCfg = Debug|Any CPU
		{3AD5E633-C1E6-42F0-BCE7-893F0261D73F}.Debug|Any CPU.Build.0 = Debug|Any CPU
		{3AD5E633-C1E6-42F0-BCE7-893F0261D73F}.Release|Any CPU.ActiveCfg = Release|Any CPU
		{3AD5E633-C1E6-42F0-BCE7-893F0261D73F}.Release|Any CPU.Build.0 = Release|Any CPU
		{5B500971-D3B0-4038-91EB-AC75AB51BE27}.Debug|Any CPU.ActiveCfg = Debug|Any CPU
		{5B500971-D3B0-4038-91EB-AC75AB51BE27}.Debug|Any CPU.Build.0 = Debug|Any CPU
		{5B500971-D3B0-4038-91EB-AC75AB51BE27}.Release|Any CPU.ActiveCfg = Release|Any CPU
		{5B500971-D3B0-4038-91EB-AC75AB51BE27}.Release|Any CPU.Build.0 = Release|Any CPU
	EndGlobalSection
	GlobalSection(SolutionProperties) = preSolution
		HideSolutionNode = FALSE
	EndGlobalSection
	GlobalSection(ExtensibilityGlobals) = postSolution
		SolutionGuid = {80E8F651-1F19-44A7-B960-C22F5DB66623}
	EndGlobalSection
EndGlobal
